
Microsoft Visual Studio Solution File, Format Version 12.00
# Visual Studio 2013
VisualStudioVersion = 12.0.21005.1
MinimumVisualStudioVersion = 10.0.40219.1
Project("{FAE04EC0-301F-11D3-BF4B-00C04F79EFBC}") = "Litmus", "Litmus\Litmus.csproj", "{0F2ABD61-EDF1-4F6E-BFDE-64975206A717}"
EndProject
Project("{2150E333-8FDC-42A3-9474-1A3956D46DE8}") = ".nuget", ".nuget", "{F550AA7F-AB3E-496F-897C-6E82E04B55B0}"
	ProjectSection(SolutionItems) = preProject
		.nuget\NuGet.Config = .nuget\NuGet.Config
		.nuget\NuGet.exe = .nuget\NuGet.exe
		.nuget\NuGet.targets = .nuget\NuGet.targets
	EndProjectSection
EndProject
Global
	GlobalSection(SolutionConfigurationPlatforms) = preSolution
		Debug|Any CPU = Debug|Any CPU
		Release|Any CPU = Release|Any CPU
	EndGlobalSection
	GlobalSection(ProjectConfigurationPlatforms) = postSolution
		{0F2ABD61-EDF1-4F6E-BFDE-64975206A717}.Debug|Any CPU.ActiveCfg = Debug|Any CPU
		{0F2ABD61-EDF1-4F6E-BFDE-64975206A717}.Debug|Any CPU.Build.0 = Debug|Any CPU
		{0F2ABD61-EDF1-4F6E-BFDE-64975206A717}.Release|Any CPU.ActiveCfg = Release|Any CPU
		{0F2ABD61-EDF1-4F6E-BFDE-64975206A717}.Release|Any CPU.Build.0 = Release|Any CPU
	EndGlobalSection
	GlobalSection(SolutionProperties) = preSolution
		HideSolutionNode = FALSE
	EndGlobalSection
EndGlobal
